
Microsoft Visual Studio Solution File, Format Version 12.00
# Visual Studio Version 17
VisualStudioVersion = 17.10.35122.118
MinimumVisualStudioVersion = 10.0.40219.1
Project("{9A19103F-16F7-4668-BE54-9A1E7A4F7556}") = "Candflow.WebAPI", "Candflow.WebAPI\Candflow.WebAPI.csproj", "{2C3B25AA-9046-43CE-8F8B-B7ED1C9F2A5D}"
EndProject
Project("{FAE04EC0-301F-11D3-BF4B-00C04F79EFBC}") = "Candflow.Domain", "Candflow.Domain\Candflow.Domain.csproj", "{C04E66CD-3C38-4424-AE78-EDC425B73CF5}"
EndProject
Project("{FAE04EC0-301F-11D3-BF4B-00C04F79EFBC}") = "Candflow.Infrastructure", "Candflow.Infrastructure\Candflow.Infrastructure.csproj", "{8A1D4486-650F-4A0E-B29B-3CF1C9B661DA}"
EndProject
Global
	GlobalSection(SolutionConfigurationPlatforms) = preSolution
		Debug|Any CPU = Debug|Any CPU
		Release|Any CPU = Release|Any CPU
	EndGlobalSection
	GlobalSection(ProjectConfigurationPlatforms) = postSolution
		{2C3B25AA-9046-43CE-8F8B-B7ED1C9F2A5D}.Debug|Any CPU.ActiveCfg = Debug|Any CPU
		{2C3B25AA-9046-43CE-8F8B-B7ED1C9F2A5D}.Debug|Any CPU.Build.0 = Debug|Any CPU
		{2C3B25AA-9046-43CE-8F8B-B7ED1C9F2A5D}.Release|Any CPU.ActiveCfg = Release|Any CPU
		{2C3B25AA-9046-43CE-8F8B-B7ED1C9F2A5D}.Release|Any CPU.Build.0 = Release|Any CPU
		{C04E66CD-3C38-4424-AE78-EDC425B73CF5}.Debug|Any CPU.ActiveCfg = Debug|Any CPU
		{C04E66CD-3C38-4424-AE78-EDC425B73CF5}.Debug|Any CPU.Build.0 = Debug|Any CPU
		{C04E66CD-3C38-4424-AE78-EDC425B73CF5}.Release|Any CPU.ActiveCfg = Release|Any CPU
		{C04E66CD-3C38-4424-AE78-EDC425B73CF5}.Release|Any CPU.Build.0 = Release|Any CPU
		{8A1D4486-650F-4A0E-B29B-3CF1C9B661DA}.Debug|Any CPU.ActiveCfg = Debug|Any CPU
		{8A1D4486-650F-4A0E-B29B-3CF1C9B661DA}.Debug|Any CPU.Build.0 = Debug|Any CPU
		{8A1D4486-650F-4A0E-B29B-3CF1C9B661DA}.Release|Any CPU.ActiveCfg = Release|Any CPU
		{8A1D4486-650F-4A0E-B29B-3CF1C9B661DA}.Release|Any CPU.Build.0 = Release|Any CPU
	EndGlobalSection
	GlobalSection(SolutionProperties) = preSolution
		HideSolutionNode = FALSE
	EndGlobalSection
	GlobalSection(ExtensibilityGlobals) = postSolution
		SolutionGuid = {99E556ED-238F-49E1-B8ED-CE47FE59BE77}
	EndGlobalSection
EndGlobal
